
Microsoft Visual Studio Solution File, Format Version 12.00
# Visual Studio Version 16
VisualStudioVersion = 16.0.29613.14
MinimumVisualStudioVersion = 10.0.40219.1
Project("{FAE04EC0-301F-11D3-BF4B-00C04F79EFBC}") = "Biblia", "Biblia\Biblia.csproj", "{EE72F942-3AF4-47AC-988E-DAC70CA5F889}"
EndProject
Global
	GlobalSection(SolutionConfigurationPlatforms) = preSolution
		Debug|Any CPU = Debug|Any CPU
		Release|Any CPU = Release|Any CPU
	EndGlobalSection
	GlobalSection(ProjectConfigurationPlatforms) = postSolution
		{EE72F942-3AF4-47AC-988E-DAC70CA5F889}.Debug|Any CPU.ActiveCfg = Debug|Any CPU
		{EE72F942-3AF4-47AC-988E-DAC70CA5F889}.Debug|Any CPU.Build.0 = Debug|Any CPU
		{EE72F942-3AF4-47AC-988E-DAC70CA5F889}.Release|Any CPU.ActiveCfg = Release|Any CPU
		{EE72F942-3AF4-47AC-988E-DAC70CA5F889}.Release|Any CPU.Build.0 = Release|Any CPU
	EndGlobalSection
	GlobalSection(SolutionProperties) = preSolution
		HideSolutionNode = FALSE
	EndGlobalSection
	GlobalSection(ExtensibilityGlobals) = postSolution
		SolutionGuid = {E75790A3-AEF5-47A9-BE11-A08CD8445D32}
	EndGlobalSection
EndGlobal
